{
  "version": 4,
  "terraform_version": "1.9.0",
  "serial": 8,
  "lineage": "56c15137-8158-b1df-255d-45d212cb056f",
  "outputs": {
    "names": {
      "value": {
        "admins": [
          {
            "email": "luke@mngenvmcap573025.onmicrosoft.com",
            "id": "b27503a9-6d15-49a8-89db-ba3934cbb507",
            "name": "Luke Taylor",
            "type": "User"
          },
          {
            "email": "luketaylor_microsoft.com#EXT#@mngenvmcap573025.onmicrosoft.com",
            "id": "1769d8bf-0273-4c3c-9fa7-ffccc6a98602",
            "name": "Luke Taylor",
            "type": "User"
          }
        ]
      },
      "type": [
        "object",
        {
          "admins": [
            "set",
            [
              "object",
              {
                "email": "string",
                "id": "string",
                "name": "string",
                "type": "string"
              }
            ]
          ]
        }
      ]
    },
    "reservation": {
      "value": {
        "block": "test",
        "cidr": "10.4.6.0/24",
        "created_by": "luke@MngEnvMCAP573025.onmicrosoft.com",
        "created_on": 1724189108.2030807,
        "desc": "",
        "id": "LQ7QoEpWxayyjaUzGKfbS6",
        "reservation": "",
        "reverse_search": true,
        "settled_by": "",
        "settled_on": 0,
        "size": 24,
        "smallest_cidr": true,
        "space": "test",
        "status": "wait",
        "tag": {
          "X-IPAM-RES-ID": "LQ7QoEpWxayyjaUzGKfbS6"
        }
      },
      "type": [
        "object",
        {
          "block": "string",
          "cidr": "string",
          "created_by": "string",
          "created_on": "number",
          "desc": "string",
          "id": "string",
          "reservation": "string",
          "reverse_search": "bool",
          "settled_by": "string",
          "settled_on": "number",
          "size": "number",
          "smallest_cidr": "bool",
          "space": "string",
          "status": "string",
          "tag": [
            "map",
            "string"
          ]
        }
      ]
    }
  },
  "resources": [
    {
      "mode": "data",
      "type": "azureipam_admins",
      "name": "example",
      "provider": "provider[\"hashicorp.com/edu/azureipam\"]",
      "instances": [
        {
          "schema_version": 0,
          "attributes": {
            "admins": [
              {
                "email": "luke@mngenvmcap573025.onmicrosoft.com",
                "id": "b27503a9-6d15-49a8-89db-ba3934cbb507",
                "name": "Luke Taylor",
                "type": "User"
              },
              {
                "email": "luketaylor_microsoft.com#EXT#@mngenvmcap573025.onmicrosoft.com",
                "id": "1769d8bf-0273-4c3c-9fa7-ffccc6a98602",
                "name": "Luke Taylor",
                "type": "User"
              }
            ]
          },
          "sensitive_attributes": []
        }
      ]
    },
    {
      "mode": "managed",
      "type": "azureipam_reservation",
      "name": "name",
      "provider": "provider[\"hashicorp.com/edu/azureipam\"]",
      "instances": [
        {
          "schema_version": 0,
          "attributes": {
            "block": "test",
            "cidr": "10.4.6.0/24",
            "created_by": "luke@MngEnvMCAP573025.onmicrosoft.com",
            "created_on": 1724189108.2030807,
            "desc": "",
            "id": "LQ7QoEpWxayyjaUzGKfbS6",
            "reservation": "",
            "reverse_search": true,
            "settled_by": "",
            "settled_on": 0,
            "size": 24,
            "smallest_cidr": true,
            "space": "test",
            "status": "wait",
            "tag": {
              "X-IPAM-RES-ID": "LQ7QoEpWxayyjaUzGKfbS6"
            }
          },
          "sensitive_attributes": []
        }
      ]
    }
  ],
  "check_results": null
}
